
Microsoft Visual Studio Solution File, Format Version 12.00
# Visual Studio 14
VisualStudioVersion = 14.0.25420.1
MinimumVisualStudioVersion = 10.0.40219.1
Project("{FAE04EC0-301F-11D3-BF4B-00C04F79EFBC}") = "PaletteCreator", "PaletteCreator\PaletteCreator.csproj", "{151B95CE-E4E8-47E1-BFAC-4A35C18242D2}"
EndProject
Project("{2150E333-8FDC-42A3-9474-1A3956D46DE8}") = "Solution Items", "Solution Items", "{E64FEC1E-6BA7-479D-BC3D-9075070A8683}"
	ProjectSection(SolutionItems) = preProject
		.gitignore = .gitignore
		appveyor.yml = appveyor.yml
		README.md = README.md
	EndProjectSection
EndProject
Global
	GlobalSection(SolutionConfigurationPlatforms) = preSolution
		Debug|Any CPU = Debug|Any CPU
		Release|Any CPU = Release|Any CPU
	EndGlobalSection
	GlobalSection(ProjectConfigurationPlatforms) = postSolution
		{151B95CE-E4E8-47E1-BFAC-4A35C18242D2}.Debug|Any CPU.ActiveCfg = Debug|Any CPU
		{151B95CE-E4E8-47E1-BFAC-4A35C18242D2}.Debug|Any CPU.Build.0 = Debug|Any CPU
		{151B95CE-E4E8-47E1-BFAC-4A35C18242D2}.Release|Any CPU.ActiveCfg = Release|Any CPU
		{151B95CE-E4E8-47E1-BFAC-4A35C18242D2}.Release|Any CPU.Build.0 = Release|Any CPU
	EndGlobalSection
	GlobalSection(SolutionProperties) = preSolution
		HideSolutionNode = FALSE
	EndGlobalSection
EndGlobal
